
Microsoft Visual Studio Solution File, Format Version 12.00
# Visual Studio Version 16
VisualStudioVersion = 16.0.32002.261
MinimumVisualStudioVersion = 10.0.40219.1
Project("{FAE04EC0-301F-11D3-BF4B-00C04F79EFBC}") = "camerontbelt.com", "camerontbelt.com\camerontbelt.com.csproj", "{48631321-540D-4388-A872-5D68EC20C364}"
EndProject
Global
	GlobalSection(SolutionConfigurationPlatforms) = preSolution
		Debug|Any CPU = Debug|Any CPU
		Release|Any CPU = Release|Any CPU
	EndGlobalSection
	GlobalSection(ProjectConfigurationPlatforms) = postSolution
		{48631321-540D-4388-A872-5D68EC20C364}.Debug|Any CPU.ActiveCfg = Debug|Any CPU
		{48631321-540D-4388-A872-5D68EC20C364}.Debug|Any CPU.Build.0 = Debug|Any CPU
		{48631321-540D-4388-A872-5D68EC20C364}.Release|Any CPU.ActiveCfg = Release|Any CPU
		{48631321-540D-4388-A872-5D68EC20C364}.Release|Any CPU.Build.0 = Release|Any CPU
	EndGlobalSection
	GlobalSection(SolutionProperties) = preSolution
		HideSolutionNode = FALSE
	EndGlobalSection
	GlobalSection(ExtensibilityGlobals) = postSolution
		SolutionGuid = {97836801-C41B-48AA-A2E7-112160A09379}
	EndGlobalSection
EndGlobal
